
Microsoft Visual Studio Solution File, Format Version 12.00
# Visual Studio 15
VisualStudioVersion = 15.0.28010.2036
MinimumVisualStudioVersion = 10.0.40219.1
Project("{FAE04EC0-301F-11D3-BF4B-00C04F79EFBC}") = "IdleGame", "IdleGame\IdleGame.csproj", "{404CB76F-0B3D-497A-9849-16373F1FEF82}"
EndProject
Global
	GlobalSection(SolutionConfigurationPlatforms) = preSolution
		Debug|Any CPU = Debug|Any CPU
		Release|Any CPU = Release|Any CPU
	EndGlobalSection
	GlobalSection(ProjectConfigurationPlatforms) = postSolution
		{404CB76F-0B3D-497A-9849-16373F1FEF82}.Debug|Any CPU.ActiveCfg = Debug|Any CPU
		{404CB76F-0B3D-497A-9849-16373F1FEF82}.Debug|Any CPU.Build.0 = Debug|Any CPU
		{404CB76F-0B3D-497A-9849-16373F1FEF82}.Release|Any CPU.ActiveCfg = Release|Any CPU
		{404CB76F-0B3D-497A-9849-16373F1FEF82}.Release|Any CPU.Build.0 = Release|Any CPU
	EndGlobalSection
	GlobalSection(SolutionProperties) = preSolution
		HideSolutionNode = FALSE
	EndGlobalSection
	GlobalSection(ExtensibilityGlobals) = postSolution
		SolutionGuid = {49875065-282D-43DD-9D00-045284BE7C78}
	EndGlobalSection
EndGlobal
